// !$*UTF8*$!
{
	archiveVersion = 1;
	classes = {
	};
	objectVersion = 50;
	objects = {

/* Begin PBXBuildFile section */
		C5014E6C22E274CB00BF6548 /* heat_bathPP.c in Sources */ = {isa = PBXBuildFile; fileRef = C5014E6B22E274CB00BF6548 /* heat_bathPP.c */; };
		C502C7B022500F0800D0E912 /* main.c in Sources */ = {isa = PBXBuildFile; fileRef = C502C7AF22500F0800D0E912 /* main.c */; };
		C502C7B9225013A300D0E912 /* csvparser.c in Sources */ = {isa = PBXBuildFile; fileRef = C502C7B8225013A300D0E912 /* csvparser.c */; };
		C502C7BD225022E600D0E912 /* io_utils.c in Sources */ = {isa = PBXBuildFile; fileRef = C502C7BC225022E600D0E912 /* io_utils.c */; };
		C519776E2263B3A900705903 /* det_store.c in Sources */ = {isa = PBXBuildFile; fileRef = C519776D2263B3A900705903 /* det_store.c */; };
		C534974E22517568001289D4 /* fci_utils.c in Sources */ = {isa = PBXBuildFile; fileRef = C534974D22517568001289D4 /* fci_utils.c */; };
		C55353252295D38E0015688B /* argparse.c in Sources */ = {isa = PBXBuildFile; fileRef = C55353242295D38E0015688B /* argparse.c */; };
		C562C01F2282156B008D8718 /* heap.c in Sources */ = {isa = PBXBuildFile; fileRef = C562C01D2282156A008D8718 /* heap.c */; };
		C564FEA922DFBC5B00DABA0F /* vec_utils.c in Sources */ = {isa = PBXBuildFile; fileRef = C564FEA822DFBC5B00DABA0F /* vec_utils.c */; };
		C58C52B52252B82A0062A0DC /* libdcmt.a in Frameworks */ = {isa = PBXBuildFile; fileRef = C58C52B32252B82A0062A0DC /* libdcmt.a */; };
		C58D275F2259629F00D95A2F /* near_uniform.c in Sources */ = {isa = PBXBuildFile; fileRef = C58D275E2259629F00D95A2F /* near_uniform.c */; };
		C5940BF522DCF0EF00C0A3E4 /* hub_holstein.c in Sources */ = {isa = PBXBuildFile; fileRef = C5940BF422DCF0EF00C0A3E4 /* hub_holstein.c */; };
		C596A1C222E125B400550C1D /* math_utils.c in Sources */ = {isa = PBXBuildFile; fileRef = C596A1C122E125B400550C1D /* math_utils.c */; };
		C5CC28C92262883F0043F487 /* compress_utils.c in Sources */ = {isa = PBXBuildFile; fileRef = C5CC28C82262883F0043F487 /* compress_utils.c */; };
/* End PBXBuildFile section */

/* Begin PBXCopyFilesBuildPhase section */
		C502C7AA22500F0800D0E912 /* CopyFiles */ = {
			isa = PBXCopyFilesBuildPhase;
			buildActionMask = 2147483647;
			dstPath = /usr/share/man/man1/;
			dstSubfolderSpec = 0;
			files = (
			);
			runOnlyForDeploymentPostprocessing = 1;
		};
/* End PBXCopyFilesBuildPhase section */

/* Begin PBXFileReference section */
		C5014E6A22E274CB00BF6548 /* heat_bathPP.h */ = {isa = PBXFileReference; lastKnownFileType = sourcecode.c.h; path = heat_bathPP.h; sourceTree = "<group>"; };
		C5014E6B22E274CB00BF6548 /* heat_bathPP.c */ = {isa = PBXFileReference; lastKnownFileType = sourcecode.c.c; path = heat_bathPP.c; sourceTree = "<group>"; };
		C502C7AC22500F0800D0E912 /* FRIes */ = {isa = PBXFileReference; explicitFileType = "compiled.mach-o.executable"; includeInIndex = 0; path = FRIes; sourceTree = BUILT_PRODUCTS_DIR; };
		C502C7AF22500F0800D0E912 /* main.c */ = {isa = PBXFileReference; lastKnownFileType = sourcecode.c.c; path = main.c; sourceTree = "<group>"; };
		C502C7B7225013A200D0E912 /* csvparser.h */ = {isa = PBXFileReference; fileEncoding = 4; lastKnownFileType = sourcecode.c.h; path = csvparser.h; sourceTree = "<group>"; };
		C502C7B8225013A300D0E912 /* csvparser.c */ = {isa = PBXFileReference; fileEncoding = 4; lastKnownFileType = sourcecode.c.c; path = csvparser.c; sourceTree = "<group>"; };
		C502C7BB225022E600D0E912 /* io_utils.h */ = {isa = PBXFileReference; lastKnownFileType = sourcecode.c.h; path = io_utils.h; sourceTree = "<group>"; };
		C502C7BC225022E600D0E912 /* io_utils.c */ = {isa = PBXFileReference; lastKnownFileType = sourcecode.c.c; path = io_utils.c; sourceTree = "<group>"; };
		C519776C2263B3A900705903 /* det_store.h */ = {isa = PBXFileReference; lastKnownFileType = sourcecode.c.h; path = det_store.h; sourceTree = "<group>"; };
		C519776D2263B3A900705903 /* det_store.c */ = {isa = PBXFileReference; lastKnownFileType = sourcecode.c.c; path = det_store.c; sourceTree = "<group>"; };
		C51D08C422B93BF600B11FB6 /* hier_comp_ex.c */ = {isa = PBXFileReference; lastKnownFileType = sourcecode.c.c; path = hier_comp_ex.c; sourceTree = "<group>"; };
		C52D874322CE4E0500BD8018 /* hier_comp_ex2.c */ = {isa = PBXFileReference; lastKnownFileType = sourcecode.c.c; path = hier_comp_ex2.c; sourceTree = "<group>"; };
		C534974C22517568001289D4 /* fci_utils.h */ = {isa = PBXFileReference; lastKnownFileType = sourcecode.c.h; path = fci_utils.h; sourceTree = "<group>"; };
		C534974D22517568001289D4 /* fci_utils.c */ = {isa = PBXFileReference; lastKnownFileType = sourcecode.c.c; path = fci_utils.c; sourceTree = "<group>"; };
		C55353232295D38E0015688B /* argparse.h */ = {isa = PBXFileReference; fileEncoding = 4; lastKnownFileType = sourcecode.c.h; path = argparse.h; sourceTree = "<group>"; };
		C55353242295D38E0015688B /* argparse.c */ = {isa = PBXFileReference; fileEncoding = 4; lastKnownFileType = sourcecode.c.c; path = argparse.c; sourceTree = "<group>"; };
		C55E4AF722BE953A00FD0FC9 /* fri_sys.c */ = {isa = PBXFileReference; lastKnownFileType = sourcecode.c.c; path = fri_sys.c; sourceTree = "<group>"; };
		C562C01D2282156A008D8718 /* heap.c */ = {isa = PBXFileReference; fileEncoding = 4; lastKnownFileType = sourcecode.c.c; path = heap.c; sourceTree = "<group>"; };
		C562C01E2282156A008D8718 /* heap.h */ = {isa = PBXFileReference; fileEncoding = 4; lastKnownFileType = sourcecode.c.h; path = heap.h; sourceTree = "<group>"; };
		C564FEA622DFBA6F00DABA0F /* hh_qmc.c */ = {isa = PBXFileReference; lastKnownFileType = sourcecode.c.c; path = hh_qmc.c; sourceTree = "<group>"; };
		C564FEA722DFBC5B00DABA0F /* vec_utils.h */ = {isa = PBXFileReference; lastKnownFileType = sourcecode.c.h; path = vec_utils.h; sourceTree = "<group>"; };
		C564FEA822DFBC5B00DABA0F /* vec_utils.c */ = {isa = PBXFileReference; lastKnownFileType = sourcecode.c.c; path = vec_utils.c; sourceTree = "<group>"; };
		C5703A6B2299C64900DAD730 /* mpi_switch.h */ = {isa = PBXFileReference; lastKnownFileType = sourcecode.c.h; path = mpi_switch.h; sourceTree = "<group>"; };
		C589C94222E7C62D00E93016 /* hh_det.c */ = {isa = PBXFileReference; lastKnownFileType = sourcecode.c.c; path = hh_det.c; sourceTree = "<group>"; };
		C58C52B32252B82A0062A0DC /* libdcmt.a */ = {isa = PBXFileReference; lastKnownFileType = archive.ar; path = libdcmt.a; sourceTree = "<group>"; };
		C58C52B42252B82A0062A0DC /* dc.h */ = {isa = PBXFileReference; fileEncoding = 4; lastKnownFileType = sourcecode.c.h; path = dc.h; sourceTree = "<group>"; };
		C58D275D2259629F00D95A2F /* near_uniform.h */ = {isa = PBXFileReference; lastKnownFileType = sourcecode.c.h; path = near_uniform.h; sourceTree = "<group>"; };
		C58D275E2259629F00D95A2F /* near_uniform.c */ = {isa = PBXFileReference; lastKnownFileType = sourcecode.c.c; path = near_uniform.c; sourceTree = "<group>"; };
		C5940BF322DCF0EF00C0A3E4 /* hub_holstein.h */ = {isa = PBXFileReference; lastKnownFileType = sourcecode.c.h; path = hub_holstein.h; sourceTree = "<group>"; };
		C5940BF422DCF0EF00C0A3E4 /* hub_holstein.c */ = {isa = PBXFileReference; lastKnownFileType = sourcecode.c.c; path = hub_holstein.c; sourceTree = "<group>"; };
		C596A1C022E125B400550C1D /* math_utils.h */ = {isa = PBXFileReference; lastKnownFileType = sourcecode.c.h; path = math_utils.h; sourceTree = "<group>"; };
		C596A1C122E125B400550C1D /* math_utils.c */ = {isa = PBXFileReference; lastKnownFileType = sourcecode.c.c; path = math_utils.c; sourceTree = "<group>"; };
		C5CC28C72262883F0043F487 /* compress_utils.h */ = {isa = PBXFileReference; lastKnownFileType = sourcecode.c.h; path = compress_utils.h; sourceTree = "<group>"; };
		C5CC28C82262883F0043F487 /* compress_utils.c */ = {isa = PBXFileReference; lastKnownFileType = sourcecode.c.c; path = compress_utils.c; sourceTree = "<group>"; };
		C5D0BB322298800000F59565 /* fciqmc.c */ = {isa = PBXFileReference; lastKnownFileType = sourcecode.c.c; path = fciqmc.c; sourceTree = "<group>"; };
		C5D0BB332298800000F59565 /* fri.c */ = {isa = PBXFileReference; lastKnownFileType = sourcecode.c.c; path = fri.c; sourceTree = "<group>"; };
/* End PBXFileReference section */

/* Begin PBXFrameworksBuildPhase section */
		C502C7A922500F0800D0E912 /* Frameworks */ = {
			isa = PBXFrameworksBuildPhase;
			buildActionMask = 2147483647;
			files = (
				C58C52B52252B82A0062A0DC /* libdcmt.a in Frameworks */,
			);
			runOnlyForDeploymentPostprocessing = 0;
		};
/* End PBXFrameworksBuildPhase section */

/* Begin PBXGroup section */
		C502C7A322500F0800D0E912 = {
			isa = PBXGroup;
			children = (
				C502C7AE22500F0800D0E912 /* FRIes */,
				C502C7AD22500F0800D0E912 /* Products */,
			);
			sourceTree = "<group>";
		};
		C502C7AD22500F0800D0E912 /* Products */ = {
			isa = PBXGroup;
			children = (
				C502C7AC22500F0800D0E912 /* FRIes */,
			);
			name = Products;
			sourceTree = "<group>";
		};
		C502C7AE22500F0800D0E912 /* FRIes */ = {
			isa = PBXGroup;
			children = (
				C58C52B42252B82A0062A0DC /* dc.h */,
				C58C52B32252B82A0062A0DC /* libdcmt.a */,
				C502C7AF22500F0800D0E912 /* main.c */,
				C5D0BB322298800000F59565 /* fciqmc.c */,
				C564FEA622DFBA6F00DABA0F /* hh_qmc.c */,
				C589C94222E7C62D00E93016 /* hh_det.c */,
				C55E4AF722BE953A00FD0FC9 /* fri_sys.c */,
				C5D0BB332298800000F59565 /* fri.c */,
				C5014E6A22E274CB00BF6548 /* heat_bathPP.h */,
				C5014E6B22E274CB00BF6548 /* heat_bathPP.c */,
				C596A1C022E125B400550C1D /* math_utils.h */,
				C596A1C122E125B400550C1D /* math_utils.c */,
				C5940BF322DCF0EF00C0A3E4 /* hub_holstein.h */,
				C5940BF422DCF0EF00C0A3E4 /* hub_holstein.c */,
				C52D874322CE4E0500BD8018 /* hier_comp_ex2.c */,
				C51D08C422B93BF600B11FB6 /* hier_comp_ex.c */,
				C564FEA722DFBC5B00DABA0F /* vec_utils.h */,
				C564FEA822DFBC5B00DABA0F /* vec_utils.c */,
				C55353242295D38E0015688B /* argparse.c */,
				C55353232295D38E0015688B /* argparse.h */,
				C562C01E2282156A008D8718 /* heap.h */,
				C562C01D2282156A008D8718 /* heap.c */,
				C5703A6B2299C64900DAD730 /* mpi_switch.h */,
				C5CC28C72262883F0043F487 /* compress_utils.h */,
				C5CC28C82262883F0043F487 /* compress_utils.c */,
				C519776C2263B3A900705903 /* det_store.h */,
				C519776D2263B3A900705903 /* det_store.c */,
				C58D275D2259629F00D95A2F /* near_uniform.h */,
				C58D275E2259629F00D95A2F /* near_uniform.c */,
				C534974C22517568001289D4 /* fci_utils.h */,
				C534974D22517568001289D4 /* fci_utils.c */,
				C502C7BB225022E600D0E912 /* io_utils.h */,
				C502C7BC225022E600D0E912 /* io_utils.c */,
				C502C7B8225013A300D0E912 /* csvparser.c */,
				C502C7B7225013A200D0E912 /* csvparser.h */,
			);
			path = FRIes;
			sourceTree = "<group>";
		};
/* End PBXGroup section */

/* Begin PBXNativeTarget section */
		C502C7AB22500F0800D0E912 /* FRIes */ = {
			isa = PBXNativeTarget;
			buildConfigurationList = C502C7B322500F0800D0E912 /* Build configuration list for PBXNativeTarget "FRIes" */;
			buildPhases = (
				C502C7A822500F0800D0E912 /* Sources */,
				C502C7A922500F0800D0E912 /* Frameworks */,
				C502C7AA22500F0800D0E912 /* CopyFiles */,
			);
			buildRules = (
			);
			dependencies = (
			);
			name = FRIes;
			productName = FRIes;
			productReference = C502C7AC22500F0800D0E912 /* FRIes */;
			productType = "com.apple.product-type.tool";
		};
/* End PBXNativeTarget section */

/* Begin PBXProject section */
		C502C7A422500F0800D0E912 /* Project object */ = {
			isa = PBXProject;
			attributes = {
				LastUpgradeCheck = 1020;
				ORGANIZATIONNAME = "Samuel Greene";
				TargetAttributes = {
					C502C7AB22500F0800D0E912 = {
						CreatedOnToolsVersion = 10.2;
					};
				};
			};
			buildConfigurationList = C502C7A722500F0800D0E912 /* Build configuration list for PBXProject "FRIes" */;
			compatibilityVersion = "Xcode 9.3";
			developmentRegion = en;
			hasScannedForEncodings = 0;
			knownRegions = (
				en,
			);
			mainGroup = C502C7A322500F0800D0E912;
			productRefGroup = C502C7AD22500F0800D0E912 /* Products */;
			projectDirPath = "";
			projectRoot = "";
			targets = (
				C502C7AB22500F0800D0E912 /* FRIes */,
			);
		};
/* End PBXProject section */

/* Begin PBXSourcesBuildPhase section */
		C502C7A822500F0800D0E912 /* Sources */ = {
			isa = PBXSourcesBuildPhase;
			buildActionMask = 2147483647;
			files = (
				C502C7B022500F0800D0E912 /* main.c in Sources */,
				C5CC28C92262883F0043F487 /* compress_utils.c in Sources */,
				C502C7BD225022E600D0E912 /* io_utils.c in Sources */,
				C596A1C222E125B400550C1D /* math_utils.c in Sources */,
				C534974E22517568001289D4 /* fci_utils.c in Sources */,
				C58D275F2259629F00D95A2F /* near_uniform.c in Sources */,
				C5014E6C22E274CB00BF6548 /* heat_bathPP.c in Sources */,
				C562C01F2282156B008D8718 /* heap.c in Sources */,
				C519776E2263B3A900705903 /* det_store.c in Sources */,
				C564FEA922DFBC5B00DABA0F /* vec_utils.c in Sources */,
				C55353252295D38E0015688B /* argparse.c in Sources */,
				C5940BF522DCF0EF00C0A3E4 /* hub_holstein.c in Sources */,
				C502C7B9225013A300D0E912 /* csvparser.c in Sources */,
			);
			runOnlyForDeploymentPostprocessing = 0;
		};
/* End PBXSourcesBuildPhase section */

/* Begin XCBuildConfiguration section */
		C502C7B122500F0800D0E912 /* Debug */ = {
			isa = XCBuildConfiguration;
			buildSettings = {
				ALWAYS_SEARCH_USER_PATHS = NO;
				CLANG_ANALYZER_NONNULL = YES;
				CLANG_ANALYZER_NUMBER_OBJECT_CONVERSION = YES_AGGRESSIVE;
				CLANG_CXX_LANGUAGE_STANDARD = "gnu++14";
				CLANG_CXX_LIBRARY = "libc++";
				CLANG_ENABLE_MODULES = YES;
				CLANG_ENABLE_OBJC_ARC = YES;
				CLANG_ENABLE_OBJC_WEAK = YES;
				CLANG_WARN_BLOCK_CAPTURE_AUTORELEASING = YES;
				CLANG_WARN_BOOL_CONVERSION = YES;
				CLANG_WARN_COMMA = YES;
				CLANG_WARN_CONSTANT_CONVERSION = YES;
				CLANG_WARN_DEPRECATED_OBJC_IMPLEMENTATIONS = YES;
				CLANG_WARN_DIRECT_OBJC_ISA_USAGE = YES_ERROR;
				CLANG_WARN_DOCUMENTATION_COMMENTS = YES;
				CLANG_WARN_EMPTY_BODY = YES;
				CLANG_WARN_ENUM_CONVERSION = YES;
				CLANG_WARN_INFINITE_RECURSION = YES;
				CLANG_WARN_INT_CONVERSION = YES;
				CLANG_WARN_NON_LITERAL_NULL_CONVERSION = YES;
				CLANG_WARN_OBJC_IMPLICIT_RETAIN_SELF = YES;
				CLANG_WARN_OBJC_LITERAL_CONVERSION = YES;
				CLANG_WARN_OBJC_ROOT_CLASS = YES_ERROR;
				CLANG_WARN_RANGE_LOOP_ANALYSIS = YES;
				CLANG_WARN_STRICT_PROTOTYPES = YES;
				CLANG_WARN_SUSPICIOUS_MOVE = YES;
				CLANG_WARN_UNGUARDED_AVAILABILITY = YES_AGGRESSIVE;
				CLANG_WARN_UNREACHABLE_CODE = YES;
				CLANG_WARN__DUPLICATE_METHOD_MATCH = YES;
				CODE_SIGN_IDENTITY = "-";
				COPY_PHASE_STRIP = NO;
				DEBUG_INFORMATION_FORMAT = dwarf;
				ENABLE_STRICT_OBJC_MSGSEND = YES;
				ENABLE_TESTABILITY = YES;
				GCC_C_LANGUAGE_STANDARD = gnu11;
				GCC_DYNAMIC_NO_PIC = NO;
				GCC_NO_COMMON_BLOCKS = YES;
				GCC_OPTIMIZATION_LEVEL = 0;
				GCC_PREPROCESSOR_DEFINITIONS = (
					"DEBUG=1",
					"$(inherited)",
				);
				GCC_WARN_64_TO_32_BIT_CONVERSION = YES;
				GCC_WARN_ABOUT_RETURN_TYPE = YES_ERROR;
				GCC_WARN_UNDECLARED_SELECTOR = YES;
				GCC_WARN_UNINITIALIZED_AUTOS = YES_AGGRESSIVE;
				GCC_WARN_UNUSED_FUNCTION = YES;
				GCC_WARN_UNUSED_VARIABLE = YES;
				MACOSX_DEPLOYMENT_TARGET = 10.14;
				MTL_ENABLE_DEBUG_INFO = INCLUDE_SOURCE;
				MTL_FAST_MATH = YES;
				ONLY_ACTIVE_ARCH = YES;
				SDKROOT = macosx;
			};
			name = Debug;
		};
		C502C7B222500F0800D0E912 /* Release */ = {
			isa = XCBuildConfiguration;
			buildSettings = {
				ALWAYS_SEARCH_USER_PATHS = NO;
				CLANG_ANALYZER_NONNULL = YES;
				CLANG_ANALYZER_NUMBER_OBJECT_CONVERSION = YES_AGGRESSIVE;
				CLANG_CXX_LANGUAGE_STANDARD = "gnu++14";
				CLANG_CXX_LIBRARY = "libc++";
				CLANG_ENABLE_MODULES = YES;
				CLANG_ENABLE_OBJC_ARC = YES;
				CLANG_ENABLE_OBJC_WEAK = YES;
				CLANG_WARN_BLOCK_CAPTURE_AUTORELEASING = YES;
				CLANG_WARN_BOOL_CONVERSION = YES;
				CLANG_WARN_COMMA = YES;
				CLANG_WARN_CONSTANT_CONVERSION = YES;
				CLANG_WARN_DEPRECATED_OBJC_IMPLEMENTATIONS = YES;
				CLANG_WARN_DIRECT_OBJC_ISA_USAGE = YES_ERROR;
				CLANG_WARN_DOCUMENTATION_COMMENTS = YES;
				CLANG_WARN_EMPTY_BODY = YES;
				CLANG_WARN_ENUM_CONVERSION = YES;
				CLANG_WARN_INFINITE_RECURSION = YES;
				CLANG_WARN_INT_CONVERSION = YES;
				CLANG_WARN_NON_LITERAL_NULL_CONVERSION = YES;
				CLANG_WARN_OBJC_IMPLICIT_RETAIN_SELF = YES;
				CLANG_WARN_OBJC_LITERAL_CONVERSION = YES;
				CLANG_WARN_OBJC_ROOT_CLASS = YES_ERROR;
				CLANG_WARN_RANGE_LOOP_ANALYSIS = YES;
				CLANG_WARN_STRICT_PROTOTYPES = YES;
				CLANG_WARN_SUSPICIOUS_MOVE = YES;
				CLANG_WARN_UNGUARDED_AVAILABILITY = YES_AGGRESSIVE;
				CLANG_WARN_UNREACHABLE_CODE = YES;
				CLANG_WARN__DUPLICATE_METHOD_MATCH = YES;
				CODE_SIGN_IDENTITY = "-";
				COPY_PHASE_STRIP = NO;
				DEBUG_INFORMATION_FORMAT = "dwarf-with-dsym";
				ENABLE_NS_ASSERTIONS = NO;
				ENABLE_STRICT_OBJC_MSGSEND = YES;
				GCC_C_LANGUAGE_STANDARD = gnu11;
				GCC_NO_COMMON_BLOCKS = YES;
				GCC_WARN_64_TO_32_BIT_CONVERSION = YES;
				GCC_WARN_ABOUT_RETURN_TYPE = YES_ERROR;
				GCC_WARN_UNDECLARED_SELECTOR = YES;
				GCC_WARN_UNINITIALIZED_AUTOS = YES_AGGRESSIVE;
				GCC_WARN_UNUSED_FUNCTION = YES;
				GCC_WARN_UNUSED_VARIABLE = YES;
				MACOSX_DEPLOYMENT_TARGET = 10.14;
				MTL_ENABLE_DEBUG_INFO = NO;
				MTL_FAST_MATH = YES;
				SDKROOT = macosx;
			};
			name = Release;
		};
		C502C7B422500F0800D0E912 /* Debug */ = {
			isa = XCBuildConfiguration;
			buildSettings = {
				CODE_SIGN_STYLE = Automatic;
				LIBRARY_SEARCH_PATHS = (
					"$(inherited)",
					"$(PROJECT_DIR)/FRIes",
				);
				PRODUCT_NAME = "$(TARGET_NAME)";
			};
			name = Debug;
		};
		C502C7B522500F0800D0E912 /* Release */ = {
			isa = XCBuildConfiguration;
			buildSettings = {
				CODE_SIGN_STYLE = Automatic;
				LIBRARY_SEARCH_PATHS = (
					"$(inherited)",
					"$(PROJECT_DIR)/FRIes",
				);
				PRODUCT_NAME = "$(TARGET_NAME)";
			};
			name = Release;
		};
/* End XCBuildConfiguration section */

/* Begin XCConfigurationList section */
		C502C7A722500F0800D0E912 /* Build configuration list for PBXProject "FRIes" */ = {
			isa = XCConfigurationList;
			buildConfigurations = (
				C502C7B122500F0800D0E912 /* Debug */,
				C502C7B222500F0800D0E912 /* Release */,
			);
			defaultConfigurationIsVisible = 0;
			defaultConfigurationName = Release;
		};
		C502C7B322500F0800D0E912 /* Build configuration list for PBXNativeTarget "FRIes" */ = {
			isa = XCConfigurationList;
			buildConfigurations = (
				C502C7B422500F0800D0E912 /* Debug */,
				C502C7B522500F0800D0E912 /* Release */,
			);
			defaultConfigurationIsVisible = 0;
			defaultConfigurationName = Release;
		};
/* End XCConfigurationList section */
	};
	rootObject = C502C7A422500F0800D0E912 /* Project object */;
}
